
Microsoft Visual Studio Solution File, Format Version 12.00
# Visual Studio Version 16
VisualStudioVersion = 16.0.29926.136
MinimumVisualStudioVersion = 10.0.40219.1
Project("{8BC9CEB8-8B4A-11D0-8D11-00A0C91BC942}") = "WordCount", "WordCount\WordCount.vcxproj", "{20253730-952F-441E-A60A-D1C52C4C768B}"
EndProject
Project("{8BC9CEB8-8B4A-11D0-8D11-00A0C91BC942}") = "UnitTest", "UnitTest\UnitTest.vcxproj", "{BDF4F881-0C53-44E9-ADC6-4A4BC1441891}"
EndProject
Global
	GlobalSection(SolutionConfigurationPlatforms) = preSolution
		Debug|x64 = Debug|x64
		Debug|x86 = Debug|x86
		Release|x64 = Release|x64
		Release|x86 = Release|x86
	EndGlobalSection
	GlobalSection(ProjectConfigurationPlatforms) = postSolution
		{20253730-952F-441E-A60A-D1C52C4C768B}.Debug|x64.ActiveCfg = Debug|x64
		{20253730-952F-441E-A60A-D1C52C4C768B}.Debug|x64.Build.0 = Debug|x64
		{20253730-952F-441E-A60A-D1C52C4C768B}.Debug|x86.ActiveCfg = Debug|x64
		{20253730-952F-441E-A60A-D1C52C4C768B}.Debug|x86.Build.0 = Debug|x64
		{20253730-952F-441E-A60A-D1C52C4C768B}.Release|x64.ActiveCfg = Release|x64
		{20253730-952F-441E-A60A-D1C52C4C768B}.Release|x64.Build.0 = Release|x64
		{20253730-952F-441E-A60A-D1C52C4C768B}.Release|x86.ActiveCfg = Release|Win32
		{20253730-952F-441E-A60A-D1C52C4C768B}.Release|x86.Build.0 = Release|Win32
		{BDF4F881-0C53-44E9-ADC6-4A4BC1441891}.Debug|x64.ActiveCfg = Debug|x64
		{BDF4F881-0C53-44E9-ADC6-4A4BC1441891}.Debug|x64.Build.0 = Debug|x64
		{BDF4F881-0C53-44E9-ADC6-4A4BC1441891}.Debug|x86.ActiveCfg = Debug|Win32
		{BDF4F881-0C53-44E9-ADC6-4A4BC1441891}.Debug|x86.Build.0 = Debug|Win32
		{BDF4F881-0C53-44E9-ADC6-4A4BC1441891}.Release|x64.ActiveCfg = Release|x64
		{BDF4F881-0C53-44E9-ADC6-4A4BC1441891}.Release|x64.Build.0 = Release|x64
		{BDF4F881-0C53-44E9-ADC6-4A4BC1441891}.Release|x86.ActiveCfg = Release|Win32
		{BDF4F881-0C53-44E9-ADC6-4A4BC1441891}.Release|x86.Build.0 = Release|Win32
	EndGlobalSection
	GlobalSection(SolutionProperties) = preSolution
		HideSolutionNode = FALSE
	EndGlobalSection
	GlobalSection(ExtensibilityGlobals) = postSolution
		SolutionGuid = {06A738E1-7D0B-4878-8CFA-EBEDFFE69702}
	EndGlobalSection
EndGlobal
